
Microsoft Visual Studio Solution File, Format Version 12.00
# Visual Studio Version 17
VisualStudioVersion = 17.9.34728.123
MinimumVisualStudioVersion = 10.0.40219.1
Project("{9A19103F-16F7-4668-BE54-9A1E7A4F7556}") = "MiniMarket_API", "MiniMarket_API.csproj", "{7E819129-4F79-4BB7-BD9A-1E38F0BEF1F3}"
EndProject
Global
	GlobalSection(SolutionConfigurationPlatforms) = preSolution
		Debug|Any CPU = Debug|Any CPU
		Release|Any CPU = Release|Any CPU
	EndGlobalSection
	GlobalSection(ProjectConfigurationPlatforms) = postSolution
		{7E819129-4F79-4BB7-BD9A-1E38F0BEF1F3}.Debug|Any CPU.ActiveCfg = Debug|Any CPU
		{7E819129-4F79-4BB7-BD9A-1E38F0BEF1F3}.Debug|Any CPU.Build.0 = Debug|Any CPU
		{7E819129-4F79-4BB7-BD9A-1E38F0BEF1F3}.Release|Any CPU.ActiveCfg = Release|Any CPU
		{7E819129-4F79-4BB7-BD9A-1E38F0BEF1F3}.Release|Any CPU.Build.0 = Release|Any CPU
	EndGlobalSection
	GlobalSection(SolutionProperties) = preSolution
		HideSolutionNode = FALSE
	EndGlobalSection
	GlobalSection(ExtensibilityGlobals) = postSolution
		SolutionGuid = {675ECB40-659B-44A9-9422-9A12C9E83416}
	EndGlobalSection
EndGlobal
