
Microsoft Visual Studio Solution File, Format Version 12.00
# Visual Studio Version 17
VisualStudioVersion = 17.9.34723.18
MinimumVisualStudioVersion = 10.0.40219.1
Project("{FAE04EC0-301F-11D3-BF4B-00C04F79EFBC}") = "MiniMarket-Server-dev", "MiniMarket-Server-dev\MiniMarket-Server-dev.csproj", "{8012E80B-75A1-4118-B7F3-B21407362450}"
EndProject
Global
	GlobalSection(SolutionConfigurationPlatforms) = preSolution
		Debug|Any CPU = Debug|Any CPU
		Release|Any CPU = Release|Any CPU
	EndGlobalSection
	GlobalSection(ProjectConfigurationPlatforms) = postSolution
		{8012E80B-75A1-4118-B7F3-B21407362450}.Debug|Any CPU.ActiveCfg = Debug|Any CPU
		{8012E80B-75A1-4118-B7F3-B21407362450}.Debug|Any CPU.Build.0 = Debug|Any CPU
		{8012E80B-75A1-4118-B7F3-B21407362450}.Release|Any CPU.ActiveCfg = Release|Any CPU
		{8012E80B-75A1-4118-B7F3-B21407362450}.Release|Any CPU.Build.0 = Release|Any CPU
	EndGlobalSection
	GlobalSection(SolutionProperties) = preSolution
		HideSolutionNode = FALSE
	EndGlobalSection
	GlobalSection(ExtensibilityGlobals) = postSolution
		SolutionGuid = {B41454F3-C86D-4016-9A74-C1335B188916}
	EndGlobalSection
EndGlobal
